// !$*UTF8*$!
{
	archiveVersion = 1;
	classes = {
	};
	objectVersion = 77;
	objects = {

/* Begin PBXBuildFile section */
		0458063E889B7BF927429340 /* FirstServeUITests.swift in Sources */ = {isa = PBXBuildFile; fileRef = C45075C8E60499F2AA57929A /* FirstServeUITests.swift */; };
		0ECC98B48DE23679044B5FDB /* ServeFlowTests.swift in Sources */ = {isa = PBXBuildFile; fileRef = 9933D93A684008F1E5B462F6 /* ServeFlowTests.swift */; };
		12B23878559381951C98974E /* GameScoringTests.swift in Sources */ = {isa = PBXBuildFile; fileRef = 64D91DF2F26B074EA1F3746C /* GameScoringTests.swift */; };
		17BEFE9FEA215312863715C4 /* WatchScoringView.swift in Sources */ = {isa = PBXBuildFile; fileRef = 850BF82CBF9E53EA38D1E786 /* WatchScoringView.swift */; };
		181D9AE4954B91541E8EACDA /* FirstServeApp.swift in Sources */ = {isa = PBXBuildFile; fileRef = 938F31004C7BAED398AE1E45 /* FirstServeApp.swift */; };
		18B1E29B7308C322A112F0CB /* MatchTests.swift in Sources */ = {isa = PBXBuildFile; fileRef = AA22BB4BAC75960B66EDE49B /* MatchTests.swift */; };
		1A7885256B9E0AFBDF7E223D /* WatchMatchState.swift in Sources */ = {isa = PBXBuildFile; fileRef = 1F60B00763A1D5F3BB467C02 /* WatchMatchState.swift */; };
		1B349AA6C7C067887352DE44 /* PlayerStatsShotTendencyTests.swift in Sources */ = {isa = PBXBuildFile; fileRef = DCDE9AF387CD828F5545CACD /* PlayerStatsShotTendencyTests.swift */; };
		20DD395ABB63CAA1C50CC0DA /* Assets.xcassets in Resources */ = {isa = PBXBuildFile; fileRef = A6CA16CD54FB3FC2F226F5A4 /* Assets.xcassets */; };
		33E6D6E7421EB3118EC9096D /* Preview Assets.xcassets in Resources */ = {isa = PBXBuildFile; fileRef = D8B6FDF6293CD0DDF8C5D473 /* Preview Assets.xcassets */; };
		36E104D16FBF1249A1D74F76 /* LiveMatchView.swift in Sources */ = {isa = PBXBuildFile; fileRef = 609178DB40693DA5722804AC /* LiveMatchView.swift */; };
		416A92BDDCE6E75B6B6C4FC1 /* TennisSet.swift in Sources */ = {isa = PBXBuildFile; fileRef = 35A19559A8B28905DD833AEC /* TennisSet.swift */; };
		43B2C5E95267226F77DB6044 /* TiebreakType.swift in Sources */ = {isa = PBXBuildFile; fileRef = 9074DAA5811A7FA7C139FAD4 /* TiebreakType.swift */; };
		4F77D71D2B75E8540F5CC76B /* NewMatchFormTests.swift in Sources */ = {isa = PBXBuildFile; fileRef = 3031602E6D68429D48122F99 /* NewMatchFormTests.swift */; };
		51BA5A25BCAFA0EABE0D90E2 /* Game.swift in Sources */ = {isa = PBXBuildFile; fileRef = DF68650F5061493FE2A8508E /* Game.swift */; };
		52FB4E80E4F6E71F1B641E1B /* ShareFunctionalityTests.swift in Sources */ = {isa = PBXBuildFile; fileRef = 722E055F3A29F9027D9D7428 /* ShareFunctionalityTests.swift */; };
		5485CD18CD6C8E826913D840 /* WatchMatchListView.swift in Sources */ = {isa = PBXBuildFile; fileRef = A763D33C5567D719B4576B61 /* WatchMatchListView.swift */; };
		55CD321CD8D45306A1A735C6 /* ServeStatisticsTests.swift in Sources */ = {isa = PBXBuildFile; fileRef = 9B317953B8A830FB6604E55E /* ServeStatisticsTests.swift */; };
		57CF09BE3CF93C76F7F8EB79 /* SplashScreenView.swift in Sources */ = {isa = PBXBuildFile; fileRef = DB0FE6BF7EBF6F15B0D04320 /* SplashScreenView.swift */; };
		5DC56D2DE88BD805FBF30BF1 /* AccessibilityTests.swift in Sources */ = {isa = PBXBuildFile; fileRef = 71B9631E25A999C3D13930CB /* AccessibilityTests.swift */; };
		5FF41E2CDF973C9BBEF891A8 /* FirstServeWatchApp.swift in Sources */ = {isa = PBXBuildFile; fileRef = C65E77CE1AE0EAA3D8564B45 /* FirstServeWatchApp.swift */; };
		617B6738CB6238B4AAEC0616 /* PlayerStatsView.swift in Sources */ = {isa = PBXBuildFile; fileRef = CF7FA7D709DBECAA7F976C8F /* PlayerStatsView.swift */; };
		62F99550ECCC336AF8490DF9 /* WatchDesignSystem.swift in Sources */ = {isa = PBXBuildFile; fileRef = 45190FB16165496922449D4F /* WatchDesignSystem.swift */; };
		6848E43D1F68E0C94457F28E /* FirstServeWatch.app in Embed Watch Content */ = {isa = PBXBuildFile; fileRef = C110F3365CCFC19FAE3A2BED /* FirstServeWatch.app */; settings = {ATTRIBUTES = (RemoveHeadersOnCopy, ); }; };
		72CA4FEE824387E980FE727D /* TiebreakTypeTests.swift in Sources */ = {isa = PBXBuildFile; fileRef = 1AF94D88C50DAF78C7530FBB /* TiebreakTypeTests.swift */; };
		86FE87D2D5B3DA12D5B96FBB /* WatchConnectivityService.swift in Sources */ = {isa = PBXBuildFile; fileRef = A5EA638D7C5A0D16E5C345D8 /* WatchConnectivityService.swift */; };
		9184AAAEC6BEAC40E4B85697 /* DesignSystem.swift in Sources */ = {isa = PBXBuildFile; fileRef = 055B71C6E8CD98A074F96353 /* DesignSystem.swift */; };
		9239552A9CEE319CEE565550 /* WatchMatchState.swift in Sources */ = {isa = PBXBuildFile; fileRef = 1F60B00763A1D5F3BB467C02 /* WatchMatchState.swift */; };
		9996323A186AE5BD56CA600E /* ShotStatisticTests.swift in Sources */ = {isa = PBXBuildFile; fileRef = 50DD3A773F315523C7002EFC /* ShotStatisticTests.swift */; };
		9BB4D34011D1893FE5074097 /* Player.swift in Sources */ = {isa = PBXBuildFile; fileRef = AEF4EBB4831B93497EC54B6D /* Player.swift */; };
		A16B2C4DB97E49E8F515A6C2 /* ScoringStyle.swift in Sources */ = {isa = PBXBuildFile; fileRef = D8426648850EEDCAF8CF87D6 /* ScoringStyle.swift */; };
		A56C4D858C35B9D0DA86D0CD /* MatchFormatTests.swift in Sources */ = {isa = PBXBuildFile; fileRef = AB1FF61EDE3F0BABD4240822 /* MatchFormatTests.swift */; };
		ACDFE1436FC50F0122EA8A9C /* MatchViewModel.swift in Sources */ = {isa = PBXBuildFile; fileRef = 2EA2CF77CBF7ABEFC53C4F0C /* MatchViewModel.swift */; };
		ACFA9F83BB1342D5AD058DC0 /* MatchSummaryViewTests.swift in Sources */ = {isa = PBXBuildFile; fileRef = ACF92861AAA6F86A4313E888 /* MatchSummaryViewTests.swift */; };
		AF5199D35F1EAE4512E60372 /* NewMatchView.swift in Sources */ = {isa = PBXBuildFile; fileRef = E52F036E64C27728A5AEEDAE /* NewMatchView.swift */; };
		D3089C3A4FE0867B2708402E /* MatchSummaryView.swift in Sources */ = {isa = PBXBuildFile; fileRef = 854B73B0658EA4F7F569EC5F /* MatchSummaryView.swift */; };
		D69BE7AEDFB14647178215E8 /* ShotStatistic.swift in Sources */ = {isa = PBXBuildFile; fileRef = 4286672720A0036CFE7C7B2E /* ShotStatistic.swift */; };
		D7DE7B068817E4FC93C63274 /* Match.swift in Sources */ = {isa = PBXBuildFile; fileRef = 32D30976B934A2D8A8523E1E /* Match.swift */; };
		DA944DA46BF9706259B6E1FF /* Assets.xcassets in Resources */ = {isa = PBXBuildFile; fileRef = D5319FE061E284E1AF4CAC02 /* Assets.xcassets */; };
		DE301DF912190A8A81DA7729 /* WatchSessionService.swift in Sources */ = {isa = PBXBuildFile; fileRef = 24D377FA3B8A3B69651DB06F /* WatchSessionService.swift */; };
		DF514B4B8CC7376A4E353802 /* ShotPickerView.swift in Sources */ = {isa = PBXBuildFile; fileRef = B2E0514EB3874336B7A076E3 /* ShotPickerView.swift */; };
		EE590F6609E36645DF4066EB /* TennisSetTests.swift in Sources */ = {isa = PBXBuildFile; fileRef = 575849D90D7B4AABFD11E17C /* TennisSetTests.swift */; };
		F00B44B705E8EF49609599FE /* MatchDetailStatsTests.swift in Sources */ = {isa = PBXBuildFile; fileRef = FE52703CADBF0E607FD68A3A /* MatchDetailStatsTests.swift */; };
		F8B2F599BDECF6BC4B5D671E /* HomeView.swift in Sources */ = {isa = PBXBuildFile; fileRef = 3D18A1C4A9DD5ECA7149CF26 /* HomeView.swift */; };
/* End PBXBuildFile section */

/* Begin PBXContainerItemProxy section */
		6933503107B78F26E24E69DB /* PBXContainerItemProxy */ = {
			isa = PBXContainerItemProxy;
			containerPortal = F9DC2F91862971F68A9B7F08 /* Project object */;
			proxyType = 1;
			remoteGlobalIDString = 076E022957B509E8D8DF0331;
			remoteInfo = FirstServe;
		};
		7895B05D19998F07A873944C /* PBXContainerItemProxy */ = {
			isa = PBXContainerItemProxy;
			containerPortal = F9DC2F91862971F68A9B7F08 /* Project object */;
			proxyType = 1;
			remoteGlobalIDString = 076E022957B509E8D8DF0331;
			remoteInfo = FirstServe;
		};
		A1198AB233D035C548B6DF0B /* PBXContainerItemProxy */ = {
			isa = PBXContainerItemProxy;
			containerPortal = F9DC2F91862971F68A9B7F08 /* Project object */;
			proxyType = 1;
			remoteGlobalIDString = 60F09AC00E4F1ABFE0E243FA;
			remoteInfo = FirstServeWatch;
		};
/* End PBXContainerItemProxy section */

/* Begin PBXCopyFilesBuildPhase section */
		21CC22A997515FA0493D18A2 /* Embed Watch Content */ = {
			isa = PBXCopyFilesBuildPhase;
			buildActionMask = 2147483647;
			dstPath = "$(CONTENTS_FOLDER_PATH)/Watch";
			dstSubfolderSpec = 16;
			files = (
				6848E43D1F68E0C94457F28E /* FirstServeWatch.app in Embed Watch Content */,
			);
			name = "Embed Watch Content";
			runOnlyForDeploymentPostprocessing = 0;
		};
/* End PBXCopyFilesBuildPhase section */

/* Begin PBXFileReference section */
		04F22E6329F3986EC2432569 /* FirstServe.app */ = {isa = PBXFileReference; includeInIndex = 0; lastKnownFileType = wrapper.application; path = FirstServe.app; sourceTree = BUILT_PRODUCTS_DIR; };
		055B71C6E8CD98A074F96353 /* DesignSystem.swift */ = {isa = PBXFileReference; lastKnownFileType = sourcecode.swift; path = DesignSystem.swift; sourceTree = "<group>"; };
		1AF94D88C50DAF78C7530FBB /* TiebreakTypeTests.swift */ = {isa = PBXFileReference; lastKnownFileType = sourcecode.swift; path = TiebreakTypeTests.swift; sourceTree = "<group>"; };
		1F60B00763A1D5F3BB467C02 /* WatchMatchState.swift */ = {isa = PBXFileReference; lastKnownFileType = sourcecode.swift; path = WatchMatchState.swift; sourceTree = "<group>"; };
		24D377FA3B8A3B69651DB06F /* WatchSessionService.swift */ = {isa = PBXFileReference; lastKnownFileType = sourcecode.swift; path = WatchSessionService.swift; sourceTree = "<group>"; };
		2EA2CF77CBF7ABEFC53C4F0C /* MatchViewModel.swift */ = {isa = PBXFileReference; lastKnownFileType = sourcecode.swift; path = MatchViewModel.swift; sourceTree = "<group>"; };
		3031602E6D68429D48122F99 /* NewMatchFormTests.swift */ = {isa = PBXFileReference; lastKnownFileType = sourcecode.swift; path = NewMatchFormTests.swift; sourceTree = "<group>"; };
		32D30976B934A2D8A8523E1E /* Match.swift */ = {isa = PBXFileReference; lastKnownFileType = sourcecode.swift; path = Match.swift; sourceTree = "<group>"; };
		35A19559A8B28905DD833AEC /* TennisSet.swift */ = {isa = PBXFileReference; lastKnownFileType = sourcecode.swift; path = TennisSet.swift; sourceTree = "<group>"; };
		3B4735D356E7FD3525D1815C /* FirstServeTests.xctest */ = {isa = PBXFileReference; includeInIndex = 0; lastKnownFileType = wrapper.cfbundle; path = FirstServeTests.xctest; sourceTree = BUILT_PRODUCTS_DIR; };
		3D18A1C4A9DD5ECA7149CF26 /* HomeView.swift */ = {isa = PBXFileReference; lastKnownFileType = sourcecode.swift; path = HomeView.swift; sourceTree = "<group>"; };
		4286672720A0036CFE7C7B2E /* ShotStatistic.swift */ = {isa = PBXFileReference; lastKnownFileType = sourcecode.swift; path = ShotStatistic.swift; sourceTree = "<group>"; };
		45190FB16165496922449D4F /* WatchDesignSystem.swift */ = {isa = PBXFileReference; lastKnownFileType = sourcecode.swift; path = WatchDesignSystem.swift; sourceTree = "<group>"; };
		50DD3A773F315523C7002EFC /* ShotStatisticTests.swift */ = {isa = PBXFileReference; lastKnownFileType = sourcecode.swift; path = ShotStatisticTests.swift; sourceTree = "<group>"; };
		575849D90D7B4AABFD11E17C /* TennisSetTests.swift */ = {isa = PBXFileReference; lastKnownFileType = sourcecode.swift; path = TennisSetTests.swift; sourceTree = "<group>"; };
		609178DB40693DA5722804AC /* LiveMatchView.swift */ = {isa = PBXFileReference; lastKnownFileType = sourcecode.swift; path = LiveMatchView.swift; sourceTree = "<group>"; };
		64D91DF2F26B074EA1F3746C /* GameScoringTests.swift */ = {isa = PBXFileReference; lastKnownFileType = sourcecode.swift; path = GameScoringTests.swift; sourceTree = "<group>"; };
		71B9631E25A999C3D13930CB /* AccessibilityTests.swift */ = {isa = PBXFileReference; lastKnownFileType = sourcecode.swift; path = AccessibilityTests.swift; sourceTree = "<group>"; };
		722E055F3A29F9027D9D7428 /* ShareFunctionalityTests.swift */ = {isa = PBXFileReference; lastKnownFileType = sourcecode.swift; path = ShareFunctionalityTests.swift; sourceTree = "<group>"; };
		850BF82CBF9E53EA38D1E786 /* WatchScoringView.swift */ = {isa = PBXFileReference; lastKnownFileType = sourcecode.swift; path = WatchScoringView.swift; sourceTree = "<group>"; };
		854B73B0658EA4F7F569EC5F /* MatchSummaryView.swift */ = {isa = PBXFileReference; lastKnownFileType = sourcecode.swift; path = MatchSummaryView.swift; sourceTree = "<group>"; };
		9074DAA5811A7FA7C139FAD4 /* TiebreakType.swift */ = {isa = PBXFileReference; lastKnownFileType = sourcecode.swift; path = TiebreakType.swift; sourceTree = "<group>"; };
		938F31004C7BAED398AE1E45 /* FirstServeApp.swift */ = {isa = PBXFileReference; lastKnownFileType = sourcecode.swift; path = FirstServeApp.swift; sourceTree = "<group>"; };
		9933D93A684008F1E5B462F6 /* ServeFlowTests.swift */ = {isa = PBXFileReference; lastKnownFileType = sourcecode.swift; path = ServeFlowTests.swift; sourceTree = "<group>"; };
		9B317953B8A830FB6604E55E /* ServeStatisticsTests.swift */ = {isa = PBXFileReference; lastKnownFileType = sourcecode.swift; path = ServeStatisticsTests.swift; sourceTree = "<group>"; };
		A5EA638D7C5A0D16E5C345D8 /* WatchConnectivityService.swift */ = {isa = PBXFileReference; lastKnownFileType = sourcecode.swift; path = WatchConnectivityService.swift; sourceTree = "<group>"; };
		A6CA16CD54FB3FC2F226F5A4 /* Assets.xcassets */ = {isa = PBXFileReference; lastKnownFileType = folder.assetcatalog; path = Assets.xcassets; sourceTree = "<group>"; };
		A763D33C5567D719B4576B61 /* WatchMatchListView.swift */ = {isa = PBXFileReference; lastKnownFileType = sourcecode.swift; path = WatchMatchListView.swift; sourceTree = "<group>"; };
		AA22BB4BAC75960B66EDE49B /* MatchTests.swift */ = {isa = PBXFileReference; lastKnownFileType = sourcecode.swift; path = MatchTests.swift; sourceTree = "<group>"; };
		AB1FF61EDE3F0BABD4240822 /* MatchFormatTests.swift */ = {isa = PBXFileReference; lastKnownFileType = sourcecode.swift; path = MatchFormatTests.swift; sourceTree = "<group>"; };
		ACF92861AAA6F86A4313E888 /* MatchSummaryViewTests.swift */ = {isa = PBXFileReference; lastKnownFileType = sourcecode.swift; path = MatchSummaryViewTests.swift; sourceTree = "<group>"; };
		ADD21508ADD7BF4983D0E3CA /* FirstServeUITests.xctest */ = {isa = PBXFileReference; includeInIndex = 0; lastKnownFileType = wrapper.cfbundle; path = FirstServeUITests.xctest; sourceTree = BUILT_PRODUCTS_DIR; };
		AEF4EBB4831B93497EC54B6D /* Player.swift */ = {isa = PBXFileReference; lastKnownFileType = sourcecode.swift; path = Player.swift; sourceTree = "<group>"; };
		B2E0514EB3874336B7A076E3 /* ShotPickerView.swift */ = {isa = PBXFileReference; lastKnownFileType = sourcecode.swift; path = ShotPickerView.swift; sourceTree = "<group>"; };
		C110F3365CCFC19FAE3A2BED /* FirstServeWatch.app */ = {isa = PBXFileReference; explicitFileType = wrapper.application; includeInIndex = 0; path = FirstServeWatch.app; sourceTree = BUILT_PRODUCTS_DIR; };
		C45075C8E60499F2AA57929A /* FirstServeUITests.swift */ = {isa = PBXFileReference; lastKnownFileType = sourcecode.swift; path = FirstServeUITests.swift; sourceTree = "<group>"; };
		C65E77CE1AE0EAA3D8564B45 /* FirstServeWatchApp.swift */ = {isa = PBXFileReference; lastKnownFileType = sourcecode.swift; path = FirstServeWatchApp.swift; sourceTree = "<group>"; };
		CF7FA7D709DBECAA7F976C8F /* PlayerStatsView.swift */ = {isa = PBXFileReference; lastKnownFileType = sourcecode.swift; path = PlayerStatsView.swift; sourceTree = "<group>"; };
		D5319FE061E284E1AF4CAC02 /* Assets.xcassets */ = {isa = PBXFileReference; lastKnownFileType = folder.assetcatalog; path = Assets.xcassets; sourceTree = "<group>"; };
		D8426648850EEDCAF8CF87D6 /* ScoringStyle.swift */ = {isa = PBXFileReference; lastKnownFileType = sourcecode.swift; path = ScoringStyle.swift; sourceTree = "<group>"; };
		D8B6FDF6293CD0DDF8C5D473 /* Preview Assets.xcassets */ = {isa = PBXFileReference; lastKnownFileType = folder.assetcatalog; path = "Preview Assets.xcassets"; sourceTree = "<group>"; };
		DB0FE6BF7EBF6F15B0D04320 /* SplashScreenView.swift */ = {isa = PBXFileReference; lastKnownFileType = sourcecode.swift; path = SplashScreenView.swift; sourceTree = "<group>"; };
		DCDE9AF387CD828F5545CACD /* PlayerStatsShotTendencyTests.swift */ = {isa = PBXFileReference; lastKnownFileType = sourcecode.swift; path = PlayerStatsShotTendencyTests.swift; sourceTree = "<group>"; };
		DF68650F5061493FE2A8508E /* Game.swift */ = {isa = PBXFileReference; lastKnownFileType = sourcecode.swift; path = Game.swift; sourceTree = "<group>"; };
		E52F036E64C27728A5AEEDAE /* NewMatchView.swift */ = {isa = PBXFileReference; lastKnownFileType = sourcecode.swift; path = NewMatchView.swift; sourceTree = "<group>"; };
		FE52703CADBF0E607FD68A3A /* MatchDetailStatsTests.swift */ = {isa = PBXFileReference; lastKnownFileType = sourcecode.swift; path = MatchDetailStatsTests.swift; sourceTree = "<group>"; };
/* End PBXFileReference section */

/* Begin PBXGroup section */
		041C581AA57CDFA2E34164F1 /* Services */ = {
			isa = PBXGroup;
			children = (
				A5EA638D7C5A0D16E5C345D8 /* WatchConnectivityService.swift */,
			);
			path = Services;
			sourceTree = "<group>";
		};
		1624E172A1125300F42C262A /* FirstServeTests */ = {
			isa = PBXGroup;
			children = (
				71B9631E25A999C3D13930CB /* AccessibilityTests.swift */,
				64D91DF2F26B074EA1F3746C /* GameScoringTests.swift */,
				FE52703CADBF0E607FD68A3A /* MatchDetailStatsTests.swift */,
				AB1FF61EDE3F0BABD4240822 /* MatchFormatTests.swift */,
				ACF92861AAA6F86A4313E888 /* MatchSummaryViewTests.swift */,
				AA22BB4BAC75960B66EDE49B /* MatchTests.swift */,
				3031602E6D68429D48122F99 /* NewMatchFormTests.swift */,
				DCDE9AF387CD828F5545CACD /* PlayerStatsShotTendencyTests.swift */,
				9933D93A684008F1E5B462F6 /* ServeFlowTests.swift */,
				9B317953B8A830FB6604E55E /* ServeStatisticsTests.swift */,
				722E055F3A29F9027D9D7428 /* ShareFunctionalityTests.swift */,
				50DD3A773F315523C7002EFC /* ShotStatisticTests.swift */,
				575849D90D7B4AABFD11E17C /* TennisSetTests.swift */,
				1AF94D88C50DAF78C7530FBB /* TiebreakTypeTests.swift */,
			);
			path = FirstServeTests;
			sourceTree = "<group>";
		};
		2328BD4832EE9E54ACCBAB99 /* Views */ = {
			isa = PBXGroup;
			children = (
				A763D33C5567D719B4576B61 /* WatchMatchListView.swift */,
				850BF82CBF9E53EA38D1E786 /* WatchScoringView.swift */,
			);
			path = Views;
			sourceTree = "<group>";
		};
		4EA0A23AA0C666692248A50B /* Services */ = {
			isa = PBXGroup;
			children = (
				24D377FA3B8A3B69651DB06F /* WatchSessionService.swift */,
			);
			path = Services;
			sourceTree = "<group>";
		};
		5F130971247D1F9A2FD62B09 /* Products */ = {
			isa = PBXGroup;
			children = (
				04F22E6329F3986EC2432569 /* FirstServe.app */,
				3B4735D356E7FD3525D1815C /* FirstServeTests.xctest */,
				ADD21508ADD7BF4983D0E3CA /* FirstServeUITests.xctest */,
				C110F3365CCFC19FAE3A2BED /* FirstServeWatch.app */,
			);
			name = Products;
			sourceTree = "<group>";
		};
		6DFF3BC8DE94AEB9B32EC0B3 /* Views */ = {
			isa = PBXGroup;
			children = (
				3D18A1C4A9DD5ECA7149CF26 /* HomeView.swift */,
				609178DB40693DA5722804AC /* LiveMatchView.swift */,
				854B73B0658EA4F7F569EC5F /* MatchSummaryView.swift */,
				E52F036E64C27728A5AEEDAE /* NewMatchView.swift */,
				CF7FA7D709DBECAA7F976C8F /* PlayerStatsView.swift */,
				B2E0514EB3874336B7A076E3 /* ShotPickerView.swift */,
				DB0FE6BF7EBF6F15B0D04320 /* SplashScreenView.swift */,
			);
			path = Views;
			sourceTree = "<group>";
		};
		7192605D76E6DAEF04DBB5BC /* Theme */ = {
			isa = PBXGroup;
			children = (
				055B71C6E8CD98A074F96353 /* DesignSystem.swift */,
			);
			path = Theme;
			sourceTree = "<group>";
		};
		A05B5EBE4295E69B619B9B0B /* FirstServe */ = {
			isa = PBXGroup;
			children = (
				ECCE94FD6989445562009050 /* Models */,
				CB016E2108D112AD063BA877 /* Preview Content */,
				041C581AA57CDFA2E34164F1 /* Services */,
				7192605D76E6DAEF04DBB5BC /* Theme */,
				B7C4BBB247C19A63A626F954 /* ViewModels */,
				6DFF3BC8DE94AEB9B32EC0B3 /* Views */,
				A6CA16CD54FB3FC2F226F5A4 /* Assets.xcassets */,
				938F31004C7BAED398AE1E45 /* FirstServeApp.swift */,
			);
			path = FirstServe;
			sourceTree = "<group>";
		};
		B7C4BBB247C19A63A626F954 /* ViewModels */ = {
			isa = PBXGroup;
			children = (
				2EA2CF77CBF7ABEFC53C4F0C /* MatchViewModel.swift */,
			);
			path = ViewModels;
			sourceTree = "<group>";
		};
		BB4D11B407F60A5598BE26C6 = {
			isa = PBXGroup;
			children = (
				A05B5EBE4295E69B619B9B0B /* FirstServe */,
				1624E172A1125300F42C262A /* FirstServeTests */,
				C286B096072CDD37C580FED1 /* FirstServeUITests */,
				FB8563D38C5DE20441044BB3 /* FirstServeWatch */,
				E13798555FEF60BD85F20305 /* Shared */,
				5F130971247D1F9A2FD62B09 /* Products */,
			);
			sourceTree = "<group>";
		};
		C286B096072CDD37C580FED1 /* FirstServeUITests */ = {
			isa = PBXGroup;
			children = (
				C45075C8E60499F2AA57929A /* FirstServeUITests.swift */,
			);
			path = FirstServeUITests;
			sourceTree = "<group>";
		};
		CB016E2108D112AD063BA877 /* Preview Content */ = {
			isa = PBXGroup;
			children = (
				D8B6FDF6293CD0DDF8C5D473 /* Preview Assets.xcassets */,
			);
			path = "Preview Content";
			sourceTree = "<group>";
		};
		E13798555FEF60BD85F20305 /* Shared */ = {
			isa = PBXGroup;
			children = (
				1F60B00763A1D5F3BB467C02 /* WatchMatchState.swift */,
			);
			path = Shared;
			sourceTree = "<group>";
		};
		E7E8AB2F9AD91B535604C8BA /* Theme */ = {
			isa = PBXGroup;
			children = (
				45190FB16165496922449D4F /* WatchDesignSystem.swift */,
			);
			path = Theme;
			sourceTree = "<group>";
		};
		ECCE94FD6989445562009050 /* Models */ = {
			isa = PBXGroup;
			children = (
				DF68650F5061493FE2A8508E /* Game.swift */,
				32D30976B934A2D8A8523E1E /* Match.swift */,
				AEF4EBB4831B93497EC54B6D /* Player.swift */,
				D8426648850EEDCAF8CF87D6 /* ScoringStyle.swift */,
				4286672720A0036CFE7C7B2E /* ShotStatistic.swift */,
				35A19559A8B28905DD833AEC /* TennisSet.swift */,
				9074DAA5811A7FA7C139FAD4 /* TiebreakType.swift */,
			);
			path = Models;
			sourceTree = "<group>";
		};
		FB8563D38C5DE20441044BB3 /* FirstServeWatch */ = {
			isa = PBXGroup;
			children = (
				4EA0A23AA0C666692248A50B /* Services */,
				E7E8AB2F9AD91B535604C8BA /* Theme */,
				2328BD4832EE9E54ACCBAB99 /* Views */,
				D5319FE061E284E1AF4CAC02 /* Assets.xcassets */,
				C65E77CE1AE0EAA3D8564B45 /* FirstServeWatchApp.swift */,
			);
			path = FirstServeWatch;
			sourceTree = "<group>";
		};
/* End PBXGroup section */

/* Begin PBXNativeTarget section */
		076E022957B509E8D8DF0331 /* FirstServe */ = {
			isa = PBXNativeTarget;
			buildConfigurationList = FA1BDEA1C9F32BAC9C4418F7 /* Build configuration list for PBXNativeTarget "FirstServe" */;
			buildPhases = (
				500E1D5B1FF97C33A39FA5AE /* Sources */,
				9DC4B5DA208359B27AC70AD0 /* Resources */,
				21CC22A997515FA0493D18A2 /* Embed Watch Content */,
			);
			buildRules = (
			);
			dependencies = (
				D25BD513BD50B324C63BAEB8 /* PBXTargetDependency */,
			);
			name = FirstServe;
			packageProductDependencies = (
			);
			productName = FirstServe;
			productReference = 04F22E6329F3986EC2432569 /* FirstServe.app */;
			productType = "com.apple.product-type.application";
		};
		60F09AC00E4F1ABFE0E243FA /* FirstServeWatch */ = {
			isa = PBXNativeTarget;
			buildConfigurationList = FC54760ACFE4D453F14F1CDC /* Build configuration list for PBXNativeTarget "FirstServeWatch" */;
			buildPhases = (
				FB1B4C8F154167B0B521B3E8 /* Sources */,
				265D7515D5984AB3C88981A5 /* Resources */,
			);
			buildRules = (
			);
			dependencies = (
			);
			name = FirstServeWatch;
			packageProductDependencies = (
			);
			productName = FirstServeWatch;
			productReference = C110F3365CCFC19FAE3A2BED /* FirstServeWatch.app */;
			productType = "com.apple.product-type.application";
		};
		A2C807945A5FD71F620DB066 /* FirstServeTests */ = {
			isa = PBXNativeTarget;
			buildConfigurationList = 26E85B58ED3DA337DFC29A3F /* Build configuration list for PBXNativeTarget "FirstServeTests" */;
			buildPhases = (
				861BE81A4CA7276BA460D55C /* Sources */,
			);
			buildRules = (
			);
			dependencies = (
				A0CF27E034063306F7CEFFC2 /* PBXTargetDependency */,
			);
			name = FirstServeTests;
			packageProductDependencies = (
			);
			productName = FirstServeTests;
			productReference = 3B4735D356E7FD3525D1815C /* FirstServeTests.xctest */;
			productType = "com.apple.product-type.bundle.unit-test";
		};
		C0D1DFEF972CAF356703E3A1 /* FirstServeUITests */ = {
			isa = PBXNativeTarget;
			buildConfigurationList = 0584C2F16DFFEDAE98891EBA /* Build configuration list for PBXNativeTarget "FirstServeUITests" */;
			buildPhases = (
				981F17A5853A2DB60E73A69B /* Sources */,
			);
			buildRules = (
			);
			dependencies = (
				F45358B0D3015D3A36EB8719 /* PBXTargetDependency */,
			);
			name = FirstServeUITests;
			packageProductDependencies = (
			);
			productName = FirstServeUITests;
			productReference = ADD21508ADD7BF4983D0E3CA /* FirstServeUITests.xctest */;
			productType = "com.apple.product-type.bundle.ui-testing";
		};
/* End PBXNativeTarget section */

/* Begin PBXProject section */
		F9DC2F91862971F68A9B7F08 /* Project object */ = {
			isa = PBXProject;
			attributes = {
				BuildIndependentTargetsInParallel = YES;
				LastUpgradeCheck = 1620;
				TargetAttributes = {
					076E022957B509E8D8DF0331 = {
						DevelopmentTeam = QTX695U3Q9;
					};
					60F09AC00E4F1ABFE0E243FA = {
						DevelopmentTeam = QTX695U3Q9;
					};
					A2C807945A5FD71F620DB066 = {
						DevelopmentTeam = QTX695U3Q9;
					};
					C0D1DFEF972CAF356703E3A1 = {
						DevelopmentTeam = QTX695U3Q9;
						TestTargetID = 076E022957B509E8D8DF0331;
					};
				};
			};
			buildConfigurationList = A19F80BA874954762C8C1397 /* Build configuration list for PBXProject "FirstServe" */;
			compatibilityVersion = "Xcode 14.0";
			developmentRegion = en;
			hasScannedForEncodings = 0;
			knownRegions = (
				Base,
				en,
			);
			mainGroup = BB4D11B407F60A5598BE26C6;
			minimizedProjectReferenceProxies = 1;
			preferredProjectObjectVersion = 77;
			projectDirPath = "";
			projectRoot = "";
			targets = (
				076E022957B509E8D8DF0331 /* FirstServe */,
				A2C807945A5FD71F620DB066 /* FirstServeTests */,
				C0D1DFEF972CAF356703E3A1 /* FirstServeUITests */,
				60F09AC00E4F1ABFE0E243FA /* FirstServeWatch */,
			);
		};
/* End PBXProject section */

/* Begin PBXResourcesBuildPhase section */
		265D7515D5984AB3C88981A5 /* Resources */ = {
			isa = PBXResourcesBuildPhase;
			buildActionMask = 2147483647;
			files = (
				DA944DA46BF9706259B6E1FF /* Assets.xcassets in Resources */,
			);
			runOnlyForDeploymentPostprocessing = 0;
		};
		9DC4B5DA208359B27AC70AD0 /* Resources */ = {
			isa = PBXResourcesBuildPhase;
			buildActionMask = 2147483647;
			files = (
				20DD395ABB63CAA1C50CC0DA /* Assets.xcassets in Resources */,
				33E6D6E7421EB3118EC9096D /* Preview Assets.xcassets in Resources */,
			);
			runOnlyForDeploymentPostprocessing = 0;
		};
/* End PBXResourcesBuildPhase section */

/* Begin PBXSourcesBuildPhase section */
		500E1D5B1FF97C33A39FA5AE /* Sources */ = {
			isa = PBXSourcesBuildPhase;
			buildActionMask = 2147483647;
			files = (
				9184AAAEC6BEAC40E4B85697 /* DesignSystem.swift in Sources */,
				181D9AE4954B91541E8EACDA /* FirstServeApp.swift in Sources */,
				51BA5A25BCAFA0EABE0D90E2 /* Game.swift in Sources */,
				F8B2F599BDECF6BC4B5D671E /* HomeView.swift in Sources */,
				36E104D16FBF1249A1D74F76 /* LiveMatchView.swift in Sources */,
				D7DE7B068817E4FC93C63274 /* Match.swift in Sources */,
				D3089C3A4FE0867B2708402E /* MatchSummaryView.swift in Sources */,
				ACDFE1436FC50F0122EA8A9C /* MatchViewModel.swift in Sources */,
				AF5199D35F1EAE4512E60372 /* NewMatchView.swift in Sources */,
				9BB4D34011D1893FE5074097 /* Player.swift in Sources */,
				617B6738CB6238B4AAEC0616 /* PlayerStatsView.swift in Sources */,
				A16B2C4DB97E49E8F515A6C2 /* ScoringStyle.swift in Sources */,
				DF514B4B8CC7376A4E353802 /* ShotPickerView.swift in Sources */,
				D69BE7AEDFB14647178215E8 /* ShotStatistic.swift in Sources */,
				57CF09BE3CF93C76F7F8EB79 /* SplashScreenView.swift in Sources */,
				416A92BDDCE6E75B6B6C4FC1 /* TennisSet.swift in Sources */,
				43B2C5E95267226F77DB6044 /* TiebreakType.swift in Sources */,
				86FE87D2D5B3DA12D5B96FBB /* WatchConnectivityService.swift in Sources */,
				1A7885256B9E0AFBDF7E223D /* WatchMatchState.swift in Sources */,
			);
			runOnlyForDeploymentPostprocessing = 0;
		};
		861BE81A4CA7276BA460D55C /* Sources */ = {
			isa = PBXSourcesBuildPhase;
			buildActionMask = 2147483647;
			files = (
				5DC56D2DE88BD805FBF30BF1 /* AccessibilityTests.swift in Sources */,
				12B23878559381951C98974E /* GameScoringTests.swift in Sources */,
				F00B44B705E8EF49609599FE /* MatchDetailStatsTests.swift in Sources */,
				A56C4D858C35B9D0DA86D0CD /* MatchFormatTests.swift in Sources */,
				ACFA9F83BB1342D5AD058DC0 /* MatchSummaryViewTests.swift in Sources */,
				18B1E29B7308C322A112F0CB /* MatchTests.swift in Sources */,
				4F77D71D2B75E8540F5CC76B /* NewMatchFormTests.swift in Sources */,
				1B349AA6C7C067887352DE44 /* PlayerStatsShotTendencyTests.swift in Sources */,
				0ECC98B48DE23679044B5FDB /* ServeFlowTests.swift in Sources */,
				55CD321CD8D45306A1A735C6 /* ServeStatisticsTests.swift in Sources */,
				52FB4E80E4F6E71F1B641E1B /* ShareFunctionalityTests.swift in Sources */,
				9996323A186AE5BD56CA600E /* ShotStatisticTests.swift in Sources */,
				EE590F6609E36645DF4066EB /* TennisSetTests.swift in Sources */,
				72CA4FEE824387E980FE727D /* TiebreakTypeTests.swift in Sources */,
			);
			runOnlyForDeploymentPostprocessing = 0;
		};
		981F17A5853A2DB60E73A69B /* Sources */ = {
			isa = PBXSourcesBuildPhase;
			buildActionMask = 2147483647;
			files = (
				0458063E889B7BF927429340 /* FirstServeUITests.swift in Sources */,
			);
			runOnlyForDeploymentPostprocessing = 0;
		};
		FB1B4C8F154167B0B521B3E8 /* Sources */ = {
			isa = PBXSourcesBuildPhase;
			buildActionMask = 2147483647;
			files = (
				5FF41E2CDF973C9BBEF891A8 /* FirstServeWatchApp.swift in Sources */,
				62F99550ECCC336AF8490DF9 /* WatchDesignSystem.swift in Sources */,
				5485CD18CD6C8E826913D840 /* WatchMatchListView.swift in Sources */,
				9239552A9CEE319CEE565550 /* WatchMatchState.swift in Sources */,
				17BEFE9FEA215312863715C4 /* WatchScoringView.swift in Sources */,
				DE301DF912190A8A81DA7729 /* WatchSessionService.swift in Sources */,
			);
			runOnlyForDeploymentPostprocessing = 0;
		};
/* End PBXSourcesBuildPhase section */

/* Begin PBXTargetDependency section */
		A0CF27E034063306F7CEFFC2 /* PBXTargetDependency */ = {
			isa = PBXTargetDependency;
			target = 076E022957B509E8D8DF0331 /* FirstServe */;
			targetProxy = 7895B05D19998F07A873944C /* PBXContainerItemProxy */;
		};
		D25BD513BD50B324C63BAEB8 /* PBXTargetDependency */ = {
			isa = PBXTargetDependency;
			target = 60F09AC00E4F1ABFE0E243FA /* FirstServeWatch */;
			targetProxy = A1198AB233D035C548B6DF0B /* PBXContainerItemProxy */;
		};
		F45358B0D3015D3A36EB8719 /* PBXTargetDependency */ = {
			isa = PBXTargetDependency;
			target = 076E022957B509E8D8DF0331 /* FirstServe */;
			targetProxy = 6933503107B78F26E24E69DB /* PBXContainerItemProxy */;
		};
/* End PBXTargetDependency section */

/* Begin XCBuildConfiguration section */
		15A92A8380BE0AB2931D66EA /* Debug */ = {
			isa = XCBuildConfiguration;
			buildSettings = {
				ASSETCATALOG_COMPILER_APPICON_NAME = AppIcon;
				ASSETCATALOG_COMPILER_GLOBAL_ACCENT_COLOR_NAME = AccentColor;
				CURRENT_PROJECT_VERSION = 2;
				GENERATE_INFOPLIST_FILE = YES;
				INFOPLIST_GENERATION_MODE = GeneratedFile;
				INFOPLIST_KEY_WKCompanionAppBundleIdentifier = com.Cam.FirstServe;
				MARKETING_VERSION = 1.0;
				PRODUCT_BUNDLE_IDENTIFIER = com.Cam.FirstServe.watchkitapp;
				PRODUCT_NAME = "FirstServe Watch";
				SDKROOT = watchos;
				SKIP_INSTALL = YES;
				SWIFT_EMIT_LOC_STRINGS = YES;
				TARGETED_DEVICE_FAMILY = 4;
				WATCHOS_DEPLOYMENT_TARGET = 11.0;
			};
			name = Debug;
		};
		2E7EADE111FA03BA7095C4E7 /* Release */ = {
			isa = XCBuildConfiguration;
			buildSettings = {
				ASSETCATALOG_COMPILER_APPICON_NAME = AppIcon;
				ASSETCATALOG_COMPILER_GLOBAL_ACCENT_COLOR_NAME = AccentColor;
				CODE_SIGN_IDENTITY = "iPhone Developer";
				CURRENT_PROJECT_VERSION = 2;
				DEVELOPMENT_ASSET_PATHS = "\"FirstServe/Preview Content\"";
				ENABLE_PREVIEWS = YES;
				ENABLE_USER_SCRIPT_SANDBOXING = YES;
				GENERATE_INFOPLIST_FILE = YES;
				INFOPLIST_GENERATION_MODE = GeneratedFile;
				INFOPLIST_KEY_ITSAppUsesNonExemptEncryption = NO;
				INFOPLIST_KEY_UIApplicationSceneManifest_Generation = YES;
				INFOPLIST_KEY_UIApplicationSupportsIndirectInputEvents = YES;
				INFOPLIST_KEY_UILaunchScreen_Generation = YES;
				INFOPLIST_KEY_UISupportedInterfaceOrientations_iPad = "UIInterfaceOrientationPortrait UIInterfaceOrientationPortraitUpsideDown UIInterfaceOrientationLandscapeLeft UIInterfaceOrientationLandscapeRight";
				INFOPLIST_KEY_UISupportedInterfaceOrientations_iPhone = "UIInterfaceOrientationPortrait UIInterfaceOrientationLandscapeLeft UIInterfaceOrientationLandscapeRight";
				LD_RUNPATH_SEARCH_PATHS = (
					"$(inherited)",
					"@executable_path/Frameworks",
				);
				MARKETING_VERSION = 1.0;
				PRODUCT_BUNDLE_IDENTIFIER = com.Cam.FirstServe;
				PRODUCT_NAME = FirstServe;
				SDKROOT = iphoneos;
				SWIFT_EMIT_LOC_STRINGS = YES;
				TARGETED_DEVICE_FAMILY = "1,2";
			};
			name = Release;
		};
		3AD3F3FB2583446BBECF6478 /* Release */ = {
			isa = XCBuildConfiguration;
			buildSettings = {
				ASSETCATALOG_COMPILER_APPICON_NAME = AppIcon;
				ASSETCATALOG_COMPILER_GLOBAL_ACCENT_COLOR_NAME = AccentColor;
				CURRENT_PROJECT_VERSION = 2;
				GENERATE_INFOPLIST_FILE = YES;
				INFOPLIST_GENERATION_MODE = GeneratedFile;
				INFOPLIST_KEY_WKCompanionAppBundleIdentifier = com.Cam.FirstServe;
				MARKETING_VERSION = 1.0;
				PRODUCT_BUNDLE_IDENTIFIER = com.Cam.FirstServe.watchkitapp;
				PRODUCT_NAME = "FirstServe Watch";
				SDKROOT = watchos;
				SKIP_INSTALL = YES;
				SWIFT_EMIT_LOC_STRINGS = YES;
				TARGETED_DEVICE_FAMILY = 4;
				WATCHOS_DEPLOYMENT_TARGET = 11.0;
			};
			name = Release;
		};
		50AB7EE73E83FD9274BF6694 /* Debug */ = {
			isa = XCBuildConfiguration;
			buildSettings = {
				ALWAYS_SEARCH_USER_PATHS = NO;
				CLANG_ANALYZER_NONNULL = YES;
				CLANG_ANALYZER_NUMBER_OBJECT_CONVERSION = YES_AGGRESSIVE;
				CLANG_CXX_LANGUAGE_STANDARD = "gnu++14";
				CLANG_CXX_LIBRARY = "libc++";
				CLANG_ENABLE_MODULES = YES;
				CLANG_ENABLE_OBJC_ARC = YES;
				CLANG_ENABLE_OBJC_WEAK = YES;
				CLANG_WARN_BLOCK_CAPTURE_AUTORELEASING = YES;
				CLANG_WARN_BOOL_CONVERSION = YES;
				CLANG_WARN_COMMA = YES;
				CLANG_WARN_CONSTANT_CONVERSION = YES;
				CLANG_WARN_DEPRECATED_OBJC_IMPLEMENTATIONS = YES;
				CLANG_WARN_DIRECT_OBJC_ISA_USAGE = YES_ERROR;
				CLANG_WARN_DOCUMENTATION_COMMENTS = YES;
				CLANG_WARN_EMPTY_BODY = YES;
				CLANG_WARN_ENUM_CONVERSION = YES;
				CLANG_WARN_INFINITE_RECURSION = YES;
				CLANG_WARN_INT_CONVERSION = YES;
				CLANG_WARN_NON_LITERAL_NULL_CONVERSION = YES;
				CLANG_WARN_OBJC_IMPLICIT_RETAIN_SELF = YES;
				CLANG_WARN_OBJC_LITERAL_CONVERSION = YES;
				CLANG_WARN_OBJC_ROOT_CLASS = YES_ERROR;
				CLANG_WARN_QUOTED_INCLUDE_IN_FRAMEWORK_HEADER = YES;
				CLANG_WARN_RANGE_LOOP_ANALYSIS = YES;
				CLANG_WARN_STRICT_PROTOTYPES = YES;
				CLANG_WARN_SUSPICIOUS_MOVE = YES;
				CLANG_WARN_UNGUARDED_AVAILABILITY = YES_AGGRESSIVE;
				CLANG_WARN_UNREACHABLE_CODE = YES;
				CLANG_WARN__DUPLICATE_METHOD_MATCH = YES;
				COPY_PHASE_STRIP = NO;
				DEBUG_INFORMATION_FORMAT = dwarf;
				DEVELOPMENT_TEAM = QTX695U3Q9;
				ENABLE_STRICT_OBJC_MSGSEND = YES;
				ENABLE_TESTABILITY = YES;
				GCC_C_LANGUAGE_STANDARD = gnu11;
				GCC_DYNAMIC_NO_PIC = NO;
				GCC_NO_COMMON_BLOCKS = YES;
				GCC_OPTIMIZATION_LEVEL = 0;
				GCC_PREPROCESSOR_DEFINITIONS = (
					"$(inherited)",
					"DEBUG=1",
				);
				GCC_WARN_64_TO_32_BIT_CONVERSION = YES;
				GCC_WARN_ABOUT_RETURN_TYPE = YES_ERROR;
				GCC_WARN_UNDECLARED_SELECTOR = YES;
				GCC_WARN_UNINITIALIZED_AUTOS = YES_AGGRESSIVE;
				GCC_WARN_UNUSED_FUNCTION = YES;
				GCC_WARN_UNUSED_VARIABLE = YES;
				IPHONEOS_DEPLOYMENT_TARGET = 18.0;
				MTL_ENABLE_DEBUG_INFO = INCLUDE_SOURCE;
				MTL_FAST_MATH = YES;
				ONLY_ACTIVE_ARCH = YES;
				PRODUCT_NAME = "$(TARGET_NAME)";
				SWIFT_ACTIVE_COMPILATION_CONDITIONS = DEBUG;
				SWIFT_OPTIMIZATION_LEVEL = "-Onone";
				SWIFT_VERSION = 5.9;
				WATCHOS_DEPLOYMENT_TARGET = 11.0;
			};
			name = Debug;
		};
		75341DE248E712610515EA78 /* Debug */ = {
			isa = XCBuildConfiguration;
			buildSettings = {
				ASSETCATALOG_COMPILER_APPICON_NAME = AppIcon;
				ASSETCATALOG_COMPILER_GLOBAL_ACCENT_COLOR_NAME = AccentColor;
				CODE_SIGN_IDENTITY = "iPhone Developer";
				CURRENT_PROJECT_VERSION = 2;
				DEVELOPMENT_ASSET_PATHS = "\"FirstServe/Preview Content\"";
				ENABLE_PREVIEWS = YES;
				ENABLE_USER_SCRIPT_SANDBOXING = YES;
				GENERATE_INFOPLIST_FILE = YES;
				INFOPLIST_GENERATION_MODE = GeneratedFile;
				INFOPLIST_KEY_ITSAppUsesNonExemptEncryption = NO;
				INFOPLIST_KEY_UIApplicationSceneManifest_Generation = YES;
				INFOPLIST_KEY_UIApplicationSupportsIndirectInputEvents = YES;
				INFOPLIST_KEY_UILaunchScreen_Generation = YES;
				INFOPLIST_KEY_UISupportedInterfaceOrientations_iPad = "UIInterfaceOrientationPortrait UIInterfaceOrientationPortraitUpsideDown UIInterfaceOrientationLandscapeLeft UIInterfaceOrientationLandscapeRight";
				INFOPLIST_KEY_UISupportedInterfaceOrientations_iPhone = "UIInterfaceOrientationPortrait UIInterfaceOrientationLandscapeLeft UIInterfaceOrientationLandscapeRight";
				LD_RUNPATH_SEARCH_PATHS = (
					"$(inherited)",
					"@executable_path/Frameworks",
				);
				MARKETING_VERSION = 1.0;
				PRODUCT_BUNDLE_IDENTIFIER = com.Cam.FirstServe;
				PRODUCT_NAME = FirstServe;
				SDKROOT = iphoneos;
				SWIFT_EMIT_LOC_STRINGS = YES;
				TARGETED_DEVICE_FAMILY = "1,2";
			};
			name = Debug;
		};
		762FC86EAA986D59D72FE117 /* Release */ = {
			isa = XCBuildConfiguration;
			buildSettings = {
				ALWAYS_SEARCH_USER_PATHS = NO;
				CLANG_ANALYZER_NONNULL = YES;
				CLANG_ANALYZER_NUMBER_OBJECT_CONVERSION = YES_AGGRESSIVE;
				CLANG_CXX_LANGUAGE_STANDARD = "gnu++14";
				CLANG_CXX_LIBRARY = "libc++";
				CLANG_ENABLE_MODULES = YES;
				CLANG_ENABLE_OBJC_ARC = YES;
				CLANG_ENABLE_OBJC_WEAK = YES;
				CLANG_WARN_BLOCK_CAPTURE_AUTORELEASING = YES;
				CLANG_WARN_BOOL_CONVERSION = YES;
				CLANG_WARN_COMMA = YES;
				CLANG_WARN_CONSTANT_CONVERSION = YES;
				CLANG_WARN_DEPRECATED_OBJC_IMPLEMENTATIONS = YES;
				CLANG_WARN_DIRECT_OBJC_ISA_USAGE = YES_ERROR;
				CLANG_WARN_DOCUMENTATION_COMMENTS = YES;
				CLANG_WARN_EMPTY_BODY = YES;
				CLANG_WARN_ENUM_CONVERSION = YES;
				CLANG_WARN_INFINITE_RECURSION = YES;
				CLANG_WARN_INT_CONVERSION = YES;
				CLANG_WARN_NON_LITERAL_NULL_CONVERSION = YES;
				CLANG_WARN_OBJC_IMPLICIT_RETAIN_SELF = YES;
				CLANG_WARN_OBJC_LITERAL_CONVERSION = YES;
				CLANG_WARN_OBJC_ROOT_CLASS = YES_ERROR;
				CLANG_WARN_QUOTED_INCLUDE_IN_FRAMEWORK_HEADER = YES;
				CLANG_WARN_RANGE_LOOP_ANALYSIS = YES;
				CLANG_WARN_STRICT_PROTOTYPES = YES;
				CLANG_WARN_SUSPICIOUS_MOVE = YES;
				CLANG_WARN_UNGUARDED_AVAILABILITY = YES_AGGRESSIVE;
				CLANG_WARN_UNREACHABLE_CODE = YES;
				CLANG_WARN__DUPLICATE_METHOD_MATCH = YES;
				COPY_PHASE_STRIP = NO;
				DEBUG_INFORMATION_FORMAT = "dwarf-with-dsym";
				DEVELOPMENT_TEAM = QTX695U3Q9;
				ENABLE_NS_ASSERTIONS = NO;
				ENABLE_STRICT_OBJC_MSGSEND = YES;
				GCC_C_LANGUAGE_STANDARD = gnu11;
				GCC_NO_COMMON_BLOCKS = YES;
				GCC_WARN_64_TO_32_BIT_CONVERSION = YES;
				GCC_WARN_ABOUT_RETURN_TYPE = YES_ERROR;
				GCC_WARN_UNDECLARED_SELECTOR = YES;
				GCC_WARN_UNINITIALIZED_AUTOS = YES_AGGRESSIVE;
				GCC_WARN_UNUSED_FUNCTION = YES;
				GCC_WARN_UNUSED_VARIABLE = YES;
				IPHONEOS_DEPLOYMENT_TARGET = 18.0;
				MTL_ENABLE_DEBUG_INFO = NO;
				MTL_FAST_MATH = YES;
				PRODUCT_NAME = "$(TARGET_NAME)";
				SWIFT_COMPILATION_MODE = wholemodule;
				SWIFT_OPTIMIZATION_LEVEL = "-O";
				SWIFT_VERSION = 5.9;
				WATCHOS_DEPLOYMENT_TARGET = 11.0;
			};
			name = Release;
		};
		79DFCACFE763C8D78204CBD9 /* Debug */ = {
			isa = XCBuildConfiguration;
			buildSettings = {
				BUNDLE_LOADER = "$(TEST_HOST)";
				GENERATE_INFOPLIST_FILE = YES;
				LD_RUNPATH_SEARCH_PATHS = (
					"$(inherited)",
					"@executable_path/Frameworks",
					"@loader_path/Frameworks",
				);
				PRODUCT_BUNDLE_IDENTIFIER = com.firstserve.tests;
				SDKROOT = iphoneos;
				TARGETED_DEVICE_FAMILY = "1,2";
				TEST_HOST = "$(BUILT_PRODUCTS_DIR)/FirstServe.app/FirstServe";
			};
			name = Debug;
		};
		C47487C3CE88DFD8351291E7 /* Debug */ = {
			isa = XCBuildConfiguration;
			buildSettings = {
				BUNDLE_LOADER = "$(TEST_HOST)";
				GENERATE_INFOPLIST_FILE = YES;
				LD_RUNPATH_SEARCH_PATHS = (
					"$(inherited)",
					"@executable_path/Frameworks",
					"@loader_path/Frameworks",
				);
				PRODUCT_BUNDLE_IDENTIFIER = com.firstserve.uitests;
				SDKROOT = iphoneos;
				TARGETED_DEVICE_FAMILY = "1,2";
				TEST_TARGET_NAME = FirstServe;
			};
			name = Debug;
		};
		DCCE70CDB47F376A9302D180 /* Release */ = {
			isa = XCBuildConfiguration;
			buildSettings = {
				BUNDLE_LOADER = "$(TEST_HOST)";
				GENERATE_INFOPLIST_FILE = YES;
				LD_RUNPATH_SEARCH_PATHS = (
					"$(inherited)",
					"@executable_path/Frameworks",
					"@loader_path/Frameworks",
				);
				PRODUCT_BUNDLE_IDENTIFIER = com.firstserve.uitests;
				SDKROOT = iphoneos;
				TARGETED_DEVICE_FAMILY = "1,2";
				TEST_TARGET_NAME = FirstServe;
			};
			name = Release;
		};
		F96AA7CC8C129BEFD5C82EF7 /* Release */ = {
			isa = XCBuildConfiguration;
			buildSettings = {
				BUNDLE_LOADER = "$(TEST_HOST)";
				GENERATE_INFOPLIST_FILE = YES;
				LD_RUNPATH_SEARCH_PATHS = (
					"$(inherited)",
					"@executable_path/Frameworks",
					"@loader_path/Frameworks",
				);
				PRODUCT_BUNDLE_IDENTIFIER = com.firstserve.tests;
				SDKROOT = iphoneos;
				TARGETED_DEVICE_FAMILY = "1,2";
				TEST_HOST = "$(BUILT_PRODUCTS_DIR)/FirstServe.app/FirstServe";
			};
			name = Release;
		};
/* End XCBuildConfiguration section */

/* Begin XCConfigurationList section */
		0584C2F16DFFEDAE98891EBA /* Build configuration list for PBXNativeTarget "FirstServeUITests" */ = {
			isa = XCConfigurationList;
			buildConfigurations = (
				C47487C3CE88DFD8351291E7 /* Debug */,
				DCCE70CDB47F376A9302D180 /* Release */,
			);
			defaultConfigurationIsVisible = 0;
			defaultConfigurationName = Debug;
		};
		26E85B58ED3DA337DFC29A3F /* Build configuration list for PBXNativeTarget "FirstServeTests" */ = {
			isa = XCConfigurationList;
			buildConfigurations = (
				79DFCACFE763C8D78204CBD9 /* Debug */,
				F96AA7CC8C129BEFD5C82EF7 /* Release */,
			);
			defaultConfigurationIsVisible = 0;
			defaultConfigurationName = Debug;
		};
		A19F80BA874954762C8C1397 /* Build configuration list for PBXProject "FirstServe" */ = {
			isa = XCConfigurationList;
			buildConfigurations = (
				50AB7EE73E83FD9274BF6694 /* Debug */,
				762FC86EAA986D59D72FE117 /* Release */,
			);
			defaultConfigurationIsVisible = 0;
			defaultConfigurationName = Debug;
		};
		FA1BDEA1C9F32BAC9C4418F7 /* Build configuration list for PBXNativeTarget "FirstServe" */ = {
			isa = XCConfigurationList;
			buildConfigurations = (
				75341DE248E712610515EA78 /* Debug */,
				2E7EADE111FA03BA7095C4E7 /* Release */,
			);
			defaultConfigurationIsVisible = 0;
			defaultConfigurationName = Debug;
		};
		FC54760ACFE4D453F14F1CDC /* Build configuration list for PBXNativeTarget "FirstServeWatch" */ = {
			isa = XCConfigurationList;
			buildConfigurations = (
				15A92A8380BE0AB2931D66EA /* Debug */,
				3AD3F3FB2583446BBECF6478 /* Release */,
			);
			defaultConfigurationIsVisible = 0;
			defaultConfigurationName = Debug;
		};
/* End XCConfigurationList section */
	};
	rootObject = F9DC2F91862971F68A9B7F08 /* Project object */;
}
