// !$*UTF8*$!
{
	archiveVersion = 1;
	classes = {
	};
	objectVersion = 77;
	objects = {

/* Begin PBXBuildFile section */
		0458063E889B7BF927429340 /* FirstServeUITests.swift in Sources */ = {isa = PBXBuildFile; fileRef = C45075C8E60499F2AA57929A /* FirstServeUITests.swift */; };
		12B23878559381951C98974E /* GameScoringTests.swift in Sources */ = {isa = PBXBuildFile; fileRef = 64D91DF2F26B074EA1F3746C /* GameScoringTests.swift */; };
		181D9AE4954B91541E8EACDA /* FirstServeApp.swift in Sources */ = {isa = PBXBuildFile; fileRef = 938F31004C7BAED398AE1E45 /* FirstServeApp.swift */; };
		20DD395ABB63CAA1C50CC0DA /* Assets.xcassets in Resources */ = {isa = PBXBuildFile; fileRef = A6CA16CD54FB3FC2F226F5A4 /* Assets.xcassets */; };
		33E6D6E7421EB3118EC9096D /* Preview Assets.xcassets in Resources */ = {isa = PBXBuildFile; fileRef = D8B6FDF6293CD0DDF8C5D473 /* Preview Assets.xcassets */; };
		36E104D16FBF1249A1D74F76 /* LiveMatchView.swift in Sources */ = {isa = PBXBuildFile; fileRef = 609178DB40693DA5722804AC /* LiveMatchView.swift */; };
		416A92BDDCE6E75B6B6C4FC1 /* TennisSet.swift in Sources */ = {isa = PBXBuildFile; fileRef = 35A19559A8B28905DD833AEC /* TennisSet.swift */; };
		51BA5A25BCAFA0EABE0D90E2 /* Game.swift in Sources */ = {isa = PBXBuildFile; fileRef = DF68650F5061493FE2A8508E /* Game.swift */; };
		617B6738CB6238B4AAEC0616 /* PlayerStatsView.swift in Sources */ = {isa = PBXBuildFile; fileRef = CF7FA7D709DBECAA7F976C8F /* PlayerStatsView.swift */; };
		9BB4D34011D1893FE5074097 /* Player.swift in Sources */ = {isa = PBXBuildFile; fileRef = AEF4EBB4831B93497EC54B6D /* Player.swift */; };
		ACDFE1436FC50F0122EA8A9C /* MatchViewModel.swift in Sources */ = {isa = PBXBuildFile; fileRef = 2EA2CF77CBF7ABEFC53C4F0C /* MatchViewModel.swift */; };
		AF5199D35F1EAE4512E60372 /* NewMatchView.swift in Sources */ = {isa = PBXBuildFile; fileRef = E52F036E64C27728A5AEEDAE /* NewMatchView.swift */; };
		D7DE7B068817E4FC93C63274 /* Match.swift in Sources */ = {isa = PBXBuildFile; fileRef = 32D30976B934A2D8A8523E1E /* Match.swift */; };
		F8B2F599BDECF6BC4B5D671E /* HomeView.swift in Sources */ = {isa = PBXBuildFile; fileRef = 3D18A1C4A9DD5ECA7149CF26 /* HomeView.swift */; };
/* End PBXBuildFile section */

/* Begin PBXContainerItemProxy section */
		6933503107B78F26E24E69DB /* PBXContainerItemProxy */ = {
			isa = PBXContainerItemProxy;
			containerPortal = F9DC2F91862971F68A9B7F08 /* Project object */;
			proxyType = 1;
			remoteGlobalIDString = 076E022957B509E8D8DF0331;
			remoteInfo = FirstServe;
		};
		7895B05D19998F07A873944C /* PBXContainerItemProxy */ = {
			isa = PBXContainerItemProxy;
			containerPortal = F9DC2F91862971F68A9B7F08 /* Project object */;
			proxyType = 1;
			remoteGlobalIDString = 076E022957B509E8D8DF0331;
			remoteInfo = FirstServe;
		};
/* End PBXContainerItemProxy section */

/* Begin PBXFileReference section */
		04F22E6329F3986EC2432569 /* FirstServe.app */ = {isa = PBXFileReference; includeInIndex = 0; lastKnownFileType = wrapper.application; path = FirstServe.app; sourceTree = BUILT_PRODUCTS_DIR; };
		2EA2CF77CBF7ABEFC53C4F0C /* MatchViewModel.swift */ = {isa = PBXFileReference; lastKnownFileType = sourcecode.swift; path = MatchViewModel.swift; sourceTree = "<group>"; };
		32D30976B934A2D8A8523E1E /* Match.swift */ = {isa = PBXFileReference; lastKnownFileType = sourcecode.swift; path = Match.swift; sourceTree = "<group>"; };
		35A19559A8B28905DD833AEC /* TennisSet.swift */ = {isa = PBXFileReference; lastKnownFileType = sourcecode.swift; path = TennisSet.swift; sourceTree = "<group>"; };
		3B4735D356E7FD3525D1815C /* FirstServeTests.xctest */ = {isa = PBXFileReference; includeInIndex = 0; lastKnownFileType = wrapper.cfbundle; path = FirstServeTests.xctest; sourceTree = BUILT_PRODUCTS_DIR; };
		3D18A1C4A9DD5ECA7149CF26 /* HomeView.swift */ = {isa = PBXFileReference; lastKnownFileType = sourcecode.swift; path = HomeView.swift; sourceTree = "<group>"; };
		609178DB40693DA5722804AC /* LiveMatchView.swift */ = {isa = PBXFileReference; lastKnownFileType = sourcecode.swift; path = LiveMatchView.swift; sourceTree = "<group>"; };
		64D91DF2F26B074EA1F3746C /* GameScoringTests.swift */ = {isa = PBXFileReference; lastKnownFileType = sourcecode.swift; path = GameScoringTests.swift; sourceTree = "<group>"; };
		938F31004C7BAED398AE1E45 /* FirstServeApp.swift */ = {isa = PBXFileReference; lastKnownFileType = sourcecode.swift; path = FirstServeApp.swift; sourceTree = "<group>"; };
		A6CA16CD54FB3FC2F226F5A4 /* Assets.xcassets */ = {isa = PBXFileReference; lastKnownFileType = folder.assetcatalog; path = Assets.xcassets; sourceTree = "<group>"; };
		ADD21508ADD7BF4983D0E3CA /* FirstServeUITests.xctest */ = {isa = PBXFileReference; includeInIndex = 0; lastKnownFileType = wrapper.cfbundle; path = FirstServeUITests.xctest; sourceTree = BUILT_PRODUCTS_DIR; };
		AEF4EBB4831B93497EC54B6D /* Player.swift */ = {isa = PBXFileReference; lastKnownFileType = sourcecode.swift; path = Player.swift; sourceTree = "<group>"; };
		C45075C8E60499F2AA57929A /* FirstServeUITests.swift */ = {isa = PBXFileReference; lastKnownFileType = sourcecode.swift; path = FirstServeUITests.swift; sourceTree = "<group>"; };
		CF7FA7D709DBECAA7F976C8F /* PlayerStatsView.swift */ = {isa = PBXFileReference; lastKnownFileType = sourcecode.swift; path = PlayerStatsView.swift; sourceTree = "<group>"; };
		D8B6FDF6293CD0DDF8C5D473 /* Preview Assets.xcassets */ = {isa = PBXFileReference; lastKnownFileType = folder.assetcatalog; path = "Preview Assets.xcassets"; sourceTree = "<group>"; };
		DF68650F5061493FE2A8508E /* Game.swift */ = {isa = PBXFileReference; lastKnownFileType = sourcecode.swift; path = Game.swift; sourceTree = "<group>"; };
		E52F036E64C27728A5AEEDAE /* NewMatchView.swift */ = {isa = PBXFileReference; lastKnownFileType = sourcecode.swift; path = NewMatchView.swift; sourceTree = "<group>"; };
/* End PBXFileReference section */

/* Begin PBXGroup section */
		041C581AA57CDFA2E34164F1 /* Services */ = {
			isa = PBXGroup;
			children = (
			);
			path = Services;
			sourceTree = "<group>";
		};
		1624E172A1125300F42C262A /* FirstServeTests */ = {
			isa = PBXGroup;
			children = (
				64D91DF2F26B074EA1F3746C /* GameScoringTests.swift */,
			);
			path = FirstServeTests;
			sourceTree = "<group>";
		};
		5F130971247D1F9A2FD62B09 /* Products */ = {
			isa = PBXGroup;
			children = (
				04F22E6329F3986EC2432569 /* FirstServe.app */,
				3B4735D356E7FD3525D1815C /* FirstServeTests.xctest */,
				ADD21508ADD7BF4983D0E3CA /* FirstServeUITests.xctest */,
			);
			name = Products;
			sourceTree = "<group>";
		};
		6DFF3BC8DE94AEB9B32EC0B3 /* Views */ = {
			isa = PBXGroup;
			children = (
				3D18A1C4A9DD5ECA7149CF26 /* HomeView.swift */,
				609178DB40693DA5722804AC /* LiveMatchView.swift */,
				E52F036E64C27728A5AEEDAE /* NewMatchView.swift */,
				CF7FA7D709DBECAA7F976C8F /* PlayerStatsView.swift */,
			);
			path = Views;
			sourceTree = "<group>";
		};
		A05B5EBE4295E69B619B9B0B /* FirstServe */ = {
			isa = PBXGroup;
			children = (
				ECCE94FD6989445562009050 /* Models */,
				CB016E2108D112AD063BA877 /* Preview Content */,
				041C581AA57CDFA2E34164F1 /* Services */,
				B7C4BBB247C19A63A626F954 /* ViewModels */,
				6DFF3BC8DE94AEB9B32EC0B3 /* Views */,
				A6CA16CD54FB3FC2F226F5A4 /* Assets.xcassets */,
				938F31004C7BAED398AE1E45 /* FirstServeApp.swift */,
			);
			path = FirstServe;
			sourceTree = "<group>";
		};
		B7C4BBB247C19A63A626F954 /* ViewModels */ = {
			isa = PBXGroup;
			children = (
				2EA2CF77CBF7ABEFC53C4F0C /* MatchViewModel.swift */,
			);
			path = ViewModels;
			sourceTree = "<group>";
		};
		BB4D11B407F60A5598BE26C6 = {
			isa = PBXGroup;
			children = (
				A05B5EBE4295E69B619B9B0B /* FirstServe */,
				1624E172A1125300F42C262A /* FirstServeTests */,
				C286B096072CDD37C580FED1 /* FirstServeUITests */,
				5F130971247D1F9A2FD62B09 /* Products */,
			);
			sourceTree = "<group>";
		};
		C286B096072CDD37C580FED1 /* FirstServeUITests */ = {
			isa = PBXGroup;
			children = (
				C45075C8E60499F2AA57929A /* FirstServeUITests.swift */,
			);
			path = FirstServeUITests;
			sourceTree = "<group>";
		};
		CB016E2108D112AD063BA877 /* Preview Content */ = {
			isa = PBXGroup;
			children = (
				D8B6FDF6293CD0DDF8C5D473 /* Preview Assets.xcassets */,
			);
			path = "Preview Content";
			sourceTree = "<group>";
		};
		ECCE94FD6989445562009050 /* Models */ = {
			isa = PBXGroup;
			children = (
				DF68650F5061493FE2A8508E /* Game.swift */,
				32D30976B934A2D8A8523E1E /* Match.swift */,
				AEF4EBB4831B93497EC54B6D /* Player.swift */,
				35A19559A8B28905DD833AEC /* TennisSet.swift */,
			);
			path = Models;
			sourceTree = "<group>";
		};
/* End PBXGroup section */

/* Begin PBXNativeTarget section */
		076E022957B509E8D8DF0331 /* FirstServe */ = {
			isa = PBXNativeTarget;
			buildConfigurationList = FA1BDEA1C9F32BAC9C4418F7 /* Build configuration list for PBXNativeTarget "FirstServe" */;
			buildPhases = (
				500E1D5B1FF97C33A39FA5AE /* Sources */,
				9DC4B5DA208359B27AC70AD0 /* Resources */,
			);
			buildRules = (
			);
			dependencies = (
			);
			name = FirstServe;
			packageProductDependencies = (
			);
			productName = FirstServe;
			productReference = 04F22E6329F3986EC2432569 /* FirstServe.app */;
			productType = "com.apple.product-type.application";
		};
		A2C807945A5FD71F620DB066 /* FirstServeTests */ = {
			isa = PBXNativeTarget;
			buildConfigurationList = 26E85B58ED3DA337DFC29A3F /* Build configuration list for PBXNativeTarget "FirstServeTests" */;
			buildPhases = (
				861BE81A4CA7276BA460D55C /* Sources */,
			);
			buildRules = (
			);
			dependencies = (
				A0CF27E034063306F7CEFFC2 /* PBXTargetDependency */,
			);
			name = FirstServeTests;
			packageProductDependencies = (
			);
			productName = FirstServeTests;
			productReference = 3B4735D356E7FD3525D1815C /* FirstServeTests.xctest */;
			productType = "com.apple.product-type.bundle.unit-test";
		};
		C0D1DFEF972CAF356703E3A1 /* FirstServeUITests */ = {
			isa = PBXNativeTarget;
			buildConfigurationList = 0584C2F16DFFEDAE98891EBA /* Build configuration list for PBXNativeTarget "FirstServeUITests" */;
			buildPhases = (
				981F17A5853A2DB60E73A69B /* Sources */,
			);
			buildRules = (
			);
			dependencies = (
				F45358B0D3015D3A36EB8719 /* PBXTargetDependency */,
			);
			name = FirstServeUITests;
			packageProductDependencies = (
			);
			productName = FirstServeUITests;
			productReference = ADD21508ADD7BF4983D0E3CA /* FirstServeUITests.xctest */;
			productType = "com.apple.product-type.bundle.ui-testing";
		};
/* End PBXNativeTarget section */

/* Begin PBXProject section */
		F9DC2F91862971F68A9B7F08 /* Project object */ = {
			isa = PBXProject;
			attributes = {
				BuildIndependentTargetsInParallel = YES;
				LastUpgradeCheck = 1620;
				TargetAttributes = {
					076E022957B509E8D8DF0331 = {
						DevelopmentTeam = "";
					};
					A2C807945A5FD71F620DB066 = {
						DevelopmentTeam = "";
					};
					C0D1DFEF972CAF356703E3A1 = {
						DevelopmentTeam = "";
						TestTargetID = 076E022957B509E8D8DF0331;
					};
				};
			};
			buildConfigurationList = A19F80BA874954762C8C1397 /* Build configuration list for PBXProject "FirstServe" */;
			compatibilityVersion = "Xcode 14.0";
			developmentRegion = en;
			hasScannedForEncodings = 0;
			knownRegions = (
				Base,
				en,
			);
			mainGroup = BB4D11B407F60A5598BE26C6;
			minimizedProjectReferenceProxies = 1;
			preferredProjectObjectVersion = 77;
			projectDirPath = "";
			projectRoot = "";
			targets = (
				076E022957B509E8D8DF0331 /* FirstServe */,
				A2C807945A5FD71F620DB066 /* FirstServeTests */,
				C0D1DFEF972CAF356703E3A1 /* FirstServeUITests */,
			);
		};
/* End PBXProject section */

/* Begin PBXResourcesBuildPhase section */
		9DC4B5DA208359B27AC70AD0 /* Resources */ = {
			isa = PBXResourcesBuildPhase;
			buildActionMask = 2147483647;
			files = (
				20DD395ABB63CAA1C50CC0DA /* Assets.xcassets in Resources */,
				33E6D6E7421EB3118EC9096D /* Preview Assets.xcassets in Resources */,
			);
			runOnlyForDeploymentPostprocessing = 0;
		};
/* End PBXResourcesBuildPhase section */

/* Begin PBXSourcesBuildPhase section */
		500E1D5B1FF97C33A39FA5AE /* Sources */ = {
			isa = PBXSourcesBuildPhase;
			buildActionMask = 2147483647;
			files = (
				181D9AE4954B91541E8EACDA /* FirstServeApp.swift in Sources */,
				51BA5A25BCAFA0EABE0D90E2 /* Game.swift in Sources */,
				F8B2F599BDECF6BC4B5D671E /* HomeView.swift in Sources */,
				36E104D16FBF1249A1D74F76 /* LiveMatchView.swift in Sources */,
				D7DE7B068817E4FC93C63274 /* Match.swift in Sources */,
				ACDFE1436FC50F0122EA8A9C /* MatchViewModel.swift in Sources */,
				AF5199D35F1EAE4512E60372 /* NewMatchView.swift in Sources */,
				9BB4D34011D1893FE5074097 /* Player.swift in Sources */,
				617B6738CB6238B4AAEC0616 /* PlayerStatsView.swift in Sources */,
				416A92BDDCE6E75B6B6C4FC1 /* TennisSet.swift in Sources */,
			);
			runOnlyForDeploymentPostprocessing = 0;
		};
		861BE81A4CA7276BA460D55C /* Sources */ = {
			isa = PBXSourcesBuildPhase;
			buildActionMask = 2147483647;
			files = (
				12B23878559381951C98974E /* GameScoringTests.swift in Sources */,
			);
			runOnlyForDeploymentPostprocessing = 0;
		};
		981F17A5853A2DB60E73A69B /* Sources */ = {
			isa = PBXSourcesBuildPhase;
			buildActionMask = 2147483647;
			files = (
				0458063E889B7BF927429340 /* FirstServeUITests.swift in Sources */,
			);
			runOnlyForDeploymentPostprocessing = 0;
		};
/* End PBXSourcesBuildPhase section */

/* Begin PBXTargetDependency section */
		A0CF27E034063306F7CEFFC2 /* PBXTargetDependency */ = {
			isa = PBXTargetDependency;
			target = 076E022957B509E8D8DF0331 /* FirstServe */;
			targetProxy = 7895B05D19998F07A873944C /* PBXContainerItemProxy */;
		};
		F45358B0D3015D3A36EB8719 /* PBXTargetDependency */ = {
			isa = PBXTargetDependency;
			target = 076E022957B509E8D8DF0331 /* FirstServe */;
			targetProxy = 6933503107B78F26E24E69DB /* PBXContainerItemProxy */;
		};
/* End PBXTargetDependency section */

/* Begin XCBuildConfiguration section */
		2E7EADE111FA03BA7095C4E7 /* Release */ = {
			isa = XCBuildConfiguration;
			buildSettings = {
				ASSETCATALOG_COMPILER_APPICON_NAME = AppIcon;
				ASSETCATALOG_COMPILER_GLOBAL_ACCENT_COLOR_NAME = AccentColor;
				CODE_SIGN_IDENTITY = "iPhone Developer";
				CURRENT_PROJECT_VERSION = 1;
				DEVELOPMENT_ASSET_PATHS = "\"FirstServe/Preview Content\"";
				ENABLE_PREVIEWS = YES;
				ENABLE_USER_SCRIPT_SANDBOXING = YES;
				GENERATE_INFOPLIST_FILE = YES;
				INFOPLIST_GENERATION_MODE = GeneratedFile;
				INFOPLIST_KEY_UIApplicationSceneManifest_Generation = YES;
				INFOPLIST_KEY_UIApplicationSupportsIndirectInputEvents = YES;
				INFOPLIST_KEY_UILaunchScreen_Generation = YES;
				INFOPLIST_KEY_UISupportedInterfaceOrientations_iPad = "UIInterfaceOrientationPortrait UIInterfaceOrientationPortraitUpsideDown UIInterfaceOrientationLandscapeLeft UIInterfaceOrientationLandscapeRight";
				INFOPLIST_KEY_UISupportedInterfaceOrientations_iPhone = "UIInterfaceOrientationPortrait UIInterfaceOrientationLandscapeLeft UIInterfaceOrientationLandscapeRight";
				LD_RUNPATH_SEARCH_PATHS = (
					"$(inherited)",
					"@executable_path/Frameworks",
				);
				MARKETING_VERSION = 1.0;
				PRODUCT_BUNDLE_IDENTIFIER = com.firstserve.app;
				PRODUCT_NAME = FirstServe;
				SDKROOT = iphoneos;
				SWIFT_EMIT_LOC_STRINGS = YES;
				TARGETED_DEVICE_FAMILY = "1,2";
			};
			name = Release;
		};
		50AB7EE73E83FD9274BF6694 /* Debug */ = {
			isa = XCBuildConfiguration;
			buildSettings = {
				ALWAYS_SEARCH_USER_PATHS = NO;
				CLANG_ANALYZER_NONNULL = YES;
				CLANG_ANALYZER_NUMBER_OBJECT_CONVERSION = YES_AGGRESSIVE;
				CLANG_CXX_LANGUAGE_STANDARD = "gnu++14";
				CLANG_CXX_LIBRARY = "libc++";
				CLANG_ENABLE_MODULES = YES;
				CLANG_ENABLE_OBJC_ARC = YES;
				CLANG_ENABLE_OBJC_WEAK = YES;
				CLANG_WARN_BLOCK_CAPTURE_AUTORELEASING = YES;
				CLANG_WARN_BOOL_CONVERSION = YES;
				CLANG_WARN_COMMA = YES;
				CLANG_WARN_CONSTANT_CONVERSION = YES;
				CLANG_WARN_DEPRECATED_OBJC_IMPLEMENTATIONS = YES;
				CLANG_WARN_DIRECT_OBJC_ISA_USAGE = YES_ERROR;
				CLANG_WARN_DOCUMENTATION_COMMENTS = YES;
				CLANG_WARN_EMPTY_BODY = YES;
				CLANG_WARN_ENUM_CONVERSION = YES;
				CLANG_WARN_INFINITE_RECURSION = YES;
				CLANG_WARN_INT_CONVERSION = YES;
				CLANG_WARN_NON_LITERAL_NULL_CONVERSION = YES;
				CLANG_WARN_OBJC_IMPLICIT_RETAIN_SELF = YES;
				CLANG_WARN_OBJC_LITERAL_CONVERSION = YES;
				CLANG_WARN_OBJC_ROOT_CLASS = YES_ERROR;
				CLANG_WARN_QUOTED_INCLUDE_IN_FRAMEWORK_HEADER = YES;
				CLANG_WARN_RANGE_LOOP_ANALYSIS = YES;
				CLANG_WARN_STRICT_PROTOTYPES = YES;
				CLANG_WARN_SUSPICIOUS_MOVE = YES;
				CLANG_WARN_UNGUARDED_AVAILABILITY = YES_AGGRESSIVE;
				CLANG_WARN_UNREACHABLE_CODE = YES;
				CLANG_WARN__DUPLICATE_METHOD_MATCH = YES;
				COPY_PHASE_STRIP = NO;
				DEBUG_INFORMATION_FORMAT = dwarf;
				DEVELOPMENT_TEAM = "";
				ENABLE_STRICT_OBJC_MSGSEND = YES;
				ENABLE_TESTABILITY = YES;
				GCC_C_LANGUAGE_STANDARD = gnu11;
				GCC_DYNAMIC_NO_PIC = NO;
				GCC_NO_COMMON_BLOCKS = YES;
				GCC_OPTIMIZATION_LEVEL = 0;
				GCC_PREPROCESSOR_DEFINITIONS = (
					"$(inherited)",
					"DEBUG=1",
				);
				GCC_WARN_64_TO_32_BIT_CONVERSION = YES;
				GCC_WARN_ABOUT_RETURN_TYPE = YES_ERROR;
				GCC_WARN_UNDECLARED_SELECTOR = YES;
				GCC_WARN_UNINITIALIZED_AUTOS = YES_AGGRESSIVE;
				GCC_WARN_UNUSED_FUNCTION = YES;
				GCC_WARN_UNUSED_VARIABLE = YES;
				IPHONEOS_DEPLOYMENT_TARGET = 17.0;
				MTL_ENABLE_DEBUG_INFO = INCLUDE_SOURCE;
				MTL_FAST_MATH = YES;
				ONLY_ACTIVE_ARCH = YES;
				PRODUCT_NAME = "$(TARGET_NAME)";
				SDKROOT = iphoneos;
				SWIFT_ACTIVE_COMPILATION_CONDITIONS = DEBUG;
				SWIFT_OPTIMIZATION_LEVEL = "-Onone";
				SWIFT_VERSION = 5.9;
			};
			name = Debug;
		};
		75341DE248E712610515EA78 /* Debug */ = {
			isa = XCBuildConfiguration;
			buildSettings = {
				ASSETCATALOG_COMPILER_APPICON_NAME = AppIcon;
				ASSETCATALOG_COMPILER_GLOBAL_ACCENT_COLOR_NAME = AccentColor;
				CODE_SIGN_IDENTITY = "iPhone Developer";
				CURRENT_PROJECT_VERSION = 1;
				DEVELOPMENT_ASSET_PATHS = "\"FirstServe/Preview Content\"";
				ENABLE_PREVIEWS = YES;
				ENABLE_USER_SCRIPT_SANDBOXING = YES;
				GENERATE_INFOPLIST_FILE = YES;
				INFOPLIST_GENERATION_MODE = GeneratedFile;
				INFOPLIST_KEY_UIApplicationSceneManifest_Generation = YES;
				INFOPLIST_KEY_UIApplicationSupportsIndirectInputEvents = YES;
				INFOPLIST_KEY_UILaunchScreen_Generation = YES;
				INFOPLIST_KEY_UISupportedInterfaceOrientations_iPad = "UIInterfaceOrientationPortrait UIInterfaceOrientationPortraitUpsideDown UIInterfaceOrientationLandscapeLeft UIInterfaceOrientationLandscapeRight";
				INFOPLIST_KEY_UISupportedInterfaceOrientations_iPhone = "UIInterfaceOrientationPortrait UIInterfaceOrientationLandscapeLeft UIInterfaceOrientationLandscapeRight";
				LD_RUNPATH_SEARCH_PATHS = (
					"$(inherited)",
					"@executable_path/Frameworks",
				);
				MARKETING_VERSION = 1.0;
				PRODUCT_BUNDLE_IDENTIFIER = com.firstserve.app;
				PRODUCT_NAME = FirstServe;
				SDKROOT = iphoneos;
				SWIFT_EMIT_LOC_STRINGS = YES;
				TARGETED_DEVICE_FAMILY = "1,2";
			};
			name = Debug;
		};
		762FC86EAA986D59D72FE117 /* Release */ = {
			isa = XCBuildConfiguration;
			buildSettings = {
				ALWAYS_SEARCH_USER_PATHS = NO;
				CLANG_ANALYZER_NONNULL = YES;
				CLANG_ANALYZER_NUMBER_OBJECT_CONVERSION = YES_AGGRESSIVE;
				CLANG_CXX_LANGUAGE_STANDARD = "gnu++14";
				CLANG_CXX_LIBRARY = "libc++";
				CLANG_ENABLE_MODULES = YES;
				CLANG_ENABLE_OBJC_ARC = YES;
				CLANG_ENABLE_OBJC_WEAK = YES;
				CLANG_WARN_BLOCK_CAPTURE_AUTORELEASING = YES;
				CLANG_WARN_BOOL_CONVERSION = YES;
				CLANG_WARN_COMMA = YES;
				CLANG_WARN_CONSTANT_CONVERSION = YES;
				CLANG_WARN_DEPRECATED_OBJC_IMPLEMENTATIONS = YES;
				CLANG_WARN_DIRECT_OBJC_ISA_USAGE = YES_ERROR;
				CLANG_WARN_DOCUMENTATION_COMMENTS = YES;
				CLANG_WARN_EMPTY_BODY = YES;
				CLANG_WARN_ENUM_CONVERSION = YES;
				CLANG_WARN_INFINITE_RECURSION = YES;
				CLANG_WARN_INT_CONVERSION = YES;
				CLANG_WARN_NON_LITERAL_NULL_CONVERSION = YES;
				CLANG_WARN_OBJC_IMPLICIT_RETAIN_SELF = YES;
				CLANG_WARN_OBJC_LITERAL_CONVERSION = YES;
				CLANG_WARN_OBJC_ROOT_CLASS = YES_ERROR;
				CLANG_WARN_QUOTED_INCLUDE_IN_FRAMEWORK_HEADER = YES;
				CLANG_WARN_RANGE_LOOP_ANALYSIS = YES;
				CLANG_WARN_STRICT_PROTOTYPES = YES;
				CLANG_WARN_SUSPICIOUS_MOVE = YES;
				CLANG_WARN_UNGUARDED_AVAILABILITY = YES_AGGRESSIVE;
				CLANG_WARN_UNREACHABLE_CODE = YES;
				CLANG_WARN__DUPLICATE_METHOD_MATCH = YES;
				COPY_PHASE_STRIP = NO;
				DEBUG_INFORMATION_FORMAT = "dwarf-with-dsym";
				DEVELOPMENT_TEAM = "";
				ENABLE_NS_ASSERTIONS = NO;
				ENABLE_STRICT_OBJC_MSGSEND = YES;
				GCC_C_LANGUAGE_STANDARD = gnu11;
				GCC_NO_COMMON_BLOCKS = YES;
				GCC_WARN_64_TO_32_BIT_CONVERSION = YES;
				GCC_WARN_ABOUT_RETURN_TYPE = YES_ERROR;
				GCC_WARN_UNDECLARED_SELECTOR = YES;
				GCC_WARN_UNINITIALIZED_AUTOS = YES_AGGRESSIVE;
				GCC_WARN_UNUSED_FUNCTION = YES;
				GCC_WARN_UNUSED_VARIABLE = YES;
				IPHONEOS_DEPLOYMENT_TARGET = 17.0;
				MTL_ENABLE_DEBUG_INFO = NO;
				MTL_FAST_MATH = YES;
				PRODUCT_NAME = "$(TARGET_NAME)";
				SDKROOT = iphoneos;
				SWIFT_COMPILATION_MODE = wholemodule;
				SWIFT_OPTIMIZATION_LEVEL = "-O";
				SWIFT_VERSION = 5.9;
			};
			name = Release;
		};
		79DFCACFE763C8D78204CBD9 /* Debug */ = {
			isa = XCBuildConfiguration;
			buildSettings = {
				BUNDLE_LOADER = "$(TEST_HOST)";
				GENERATE_INFOPLIST_FILE = YES;
				LD_RUNPATH_SEARCH_PATHS = (
					"$(inherited)",
					"@executable_path/Frameworks",
					"@loader_path/Frameworks",
				);
				PRODUCT_BUNDLE_IDENTIFIER = com.firstserve.tests;
				SDKROOT = iphoneos;
				TARGETED_DEVICE_FAMILY = "1,2";
				TEST_HOST = "$(BUILT_PRODUCTS_DIR)/FirstServe.app/FirstServe";
			};
			name = Debug;
		};
		C47487C3CE88DFD8351291E7 /* Debug */ = {
			isa = XCBuildConfiguration;
			buildSettings = {
				BUNDLE_LOADER = "$(TEST_HOST)";
				GENERATE_INFOPLIST_FILE = YES;
				LD_RUNPATH_SEARCH_PATHS = (
					"$(inherited)",
					"@executable_path/Frameworks",
					"@loader_path/Frameworks",
				);
				PRODUCT_BUNDLE_IDENTIFIER = com.firstserve.uitests;
				SDKROOT = iphoneos;
				TARGETED_DEVICE_FAMILY = "1,2";
				TEST_TARGET_NAME = FirstServe;
			};
			name = Debug;
		};
		DCCE70CDB47F376A9302D180 /* Release */ = {
			isa = XCBuildConfiguration;
			buildSettings = {
				BUNDLE_LOADER = "$(TEST_HOST)";
				GENERATE_INFOPLIST_FILE = YES;
				LD_RUNPATH_SEARCH_PATHS = (
					"$(inherited)",
					"@executable_path/Frameworks",
					"@loader_path/Frameworks",
				);
				PRODUCT_BUNDLE_IDENTIFIER = com.firstserve.uitests;
				SDKROOT = iphoneos;
				TARGETED_DEVICE_FAMILY = "1,2";
				TEST_TARGET_NAME = FirstServe;
			};
			name = Release;
		};
		F96AA7CC8C129BEFD5C82EF7 /* Release */ = {
			isa = XCBuildConfiguration;
			buildSettings = {
				BUNDLE_LOADER = "$(TEST_HOST)";
				GENERATE_INFOPLIST_FILE = YES;
				LD_RUNPATH_SEARCH_PATHS = (
					"$(inherited)",
					"@executable_path/Frameworks",
					"@loader_path/Frameworks",
				);
				PRODUCT_BUNDLE_IDENTIFIER = com.firstserve.tests;
				SDKROOT = iphoneos;
				TARGETED_DEVICE_FAMILY = "1,2";
				TEST_HOST = "$(BUILT_PRODUCTS_DIR)/FirstServe.app/FirstServe";
			};
			name = Release;
		};
/* End XCBuildConfiguration section */

/* Begin XCConfigurationList section */
		0584C2F16DFFEDAE98891EBA /* Build configuration list for PBXNativeTarget "FirstServeUITests" */ = {
			isa = XCConfigurationList;
			buildConfigurations = (
				C47487C3CE88DFD8351291E7 /* Debug */,
				DCCE70CDB47F376A9302D180 /* Release */,
			);
			defaultConfigurationIsVisible = 0;
			defaultConfigurationName = Debug;
		};
		26E85B58ED3DA337DFC29A3F /* Build configuration list for PBXNativeTarget "FirstServeTests" */ = {
			isa = XCConfigurationList;
			buildConfigurations = (
				79DFCACFE763C8D78204CBD9 /* Debug */,
				F96AA7CC8C129BEFD5C82EF7 /* Release */,
			);
			defaultConfigurationIsVisible = 0;
			defaultConfigurationName = Debug;
		};
		A19F80BA874954762C8C1397 /* Build configuration list for PBXProject "FirstServe" */ = {
			isa = XCConfigurationList;
			buildConfigurations = (
				50AB7EE73E83FD9274BF6694 /* Debug */,
				762FC86EAA986D59D72FE117 /* Release */,
			);
			defaultConfigurationIsVisible = 0;
			defaultConfigurationName = Debug;
		};
		FA1BDEA1C9F32BAC9C4418F7 /* Build configuration list for PBXNativeTarget "FirstServe" */ = {
			isa = XCConfigurationList;
			buildConfigurations = (
				75341DE248E712610515EA78 /* Debug */,
				2E7EADE111FA03BA7095C4E7 /* Release */,
			);
			defaultConfigurationIsVisible = 0;
			defaultConfigurationName = Debug;
		};
/* End XCConfigurationList section */
	};
	rootObject = F9DC2F91862971F68A9B7F08 /* Project object */;
}
